
Microsoft Visual Studio Solution File, Format Version 12.00
# Visual Studio Version 17
VisualStudioVersion = 17.0.32112.339
MinimumVisualStudioVersion = 10.0.40219.1
Project("{2150E333-8FDC-42A3-9474-1A3956D46DE8}") = "Solution Items", "Solution Items", "{F41EF5C9-BE75-4BF0-8D83-9573AC7B8840}"
	ProjectSection(SolutionItems) = preProject
		.editorconfig = .editorconfig
	EndProjectSection
EndProject
Project("{9A19103F-16F7-4668-BE54-9A1E7A4F7556}") = "Fresh.Query", "Query\Fresh.Query\Fresh.Query.csproj", "{889A0119-4AD1-4241-875F-BAD49B31F8B7}"
EndProject
Project("{9A19103F-16F7-4668-BE54-9A1E7A4F7556}") = "Fresh.Query.Generator", "Query\Fresh.Query.Generator\Fresh.Query.Generator.csproj", "{8F498785-C867-4FF2-A513-766408DEB3B7}"
EndProject
Project("{9A19103F-16F7-4668-BE54-9A1E7A4F7556}") = "Fresh.Query.Tests", "Query\Fresh.Query.Tests\Fresh.Query.Tests.csproj", "{B82C8E60-050F-4887-94D6-532384E862CE}"
EndProject
Project("{9A19103F-16F7-4668-BE54-9A1E7A4F7556}") = "Fresh.Query.Example", "Query\Fresh.Query.Example\Fresh.Query.Example.csproj", "{5B55F1E3-2EBB-408D-B335-34124646AC57}"
EndProject
Project("{2150E333-8FDC-42A3-9474-1A3956D46DE8}") = "Query", "Query", "{BDFDFC32-4CFC-4CC9-A655-3B369F6E8A7F}"
EndProject
Project("{9A19103F-16F7-4668-BE54-9A1E7A4F7556}") = "Fresh.Common", "Fresh.Common\Fresh.Common.csproj", "{A649C35E-4223-42C4-AAD7-3BA84D070DFF}"
EndProject
Project("{2150E333-8FDC-42A3-9474-1A3956D46DE8}") = "Syntax", "Syntax", "{575AD593-9851-499E-BF96-BDF55A1995F4}"
EndProject
Project("{9A19103F-16F7-4668-BE54-9A1E7A4F7556}") = "Fresh.Syntax", "Syntax\Fresh.Syntax\Fresh.Syntax.csproj", "{BD413188-7FE6-4A95-A1B8-0D1635A1997B}"
EndProject
Project("{9A19103F-16F7-4668-BE54-9A1E7A4F7556}") = "Fresh.Syntax.Tests", "Syntax\Fresh.Syntax.Tests\Fresh.Syntax.Tests.csproj", "{1EEC82A5-5D08-49A2-9089-118F54119357}"
EndProject
Project("{FAE04EC0-301F-11D3-BF4B-00C04F79EFBC}") = "Fresh.Syntax.Example", "Syntax\Fresh.Syntax.Example\Fresh.Syntax.Example.csproj", "{E15BAA50-4C88-4E0F-ACFE-2088E44A86E2}"
EndProject
Global
	GlobalSection(SolutionConfigurationPlatforms) = preSolution
		Debug|Any CPU = Debug|Any CPU
		Release|Any CPU = Release|Any CPU
	EndGlobalSection
	GlobalSection(ProjectConfigurationPlatforms) = postSolution
		{889A0119-4AD1-4241-875F-BAD49B31F8B7}.Debug|Any CPU.ActiveCfg = Debug|Any CPU
		{889A0119-4AD1-4241-875F-BAD49B31F8B7}.Debug|Any CPU.Build.0 = Debug|Any CPU
		{889A0119-4AD1-4241-875F-BAD49B31F8B7}.Release|Any CPU.ActiveCfg = Release|Any CPU
		{889A0119-4AD1-4241-875F-BAD49B31F8B7}.Release|Any CPU.Build.0 = Release|Any CPU
		{8F498785-C867-4FF2-A513-766408DEB3B7}.Debug|Any CPU.ActiveCfg = Debug|Any CPU
		{8F498785-C867-4FF2-A513-766408DEB3B7}.Debug|Any CPU.Build.0 = Debug|Any CPU
		{8F498785-C867-4FF2-A513-766408DEB3B7}.Release|Any CPU.ActiveCfg = Release|Any CPU
		{8F498785-C867-4FF2-A513-766408DEB3B7}.Release|Any CPU.Build.0 = Release|Any CPU
		{B82C8E60-050F-4887-94D6-532384E862CE}.Debug|Any CPU.ActiveCfg = Debug|Any CPU
		{B82C8E60-050F-4887-94D6-532384E862CE}.Debug|Any CPU.Build.0 = Debug|Any CPU
		{B82C8E60-050F-4887-94D6-532384E862CE}.Release|Any CPU.ActiveCfg = Release|Any CPU
		{B82C8E60-050F-4887-94D6-532384E862CE}.Release|Any CPU.Build.0 = Release|Any CPU
		{5B55F1E3-2EBB-408D-B335-34124646AC57}.Debug|Any CPU.ActiveCfg = Debug|Any CPU
		{5B55F1E3-2EBB-408D-B335-34124646AC57}.Debug|Any CPU.Build.0 = Debug|Any CPU
		{5B55F1E3-2EBB-408D-B335-34124646AC57}.Release|Any CPU.ActiveCfg = Release|Any CPU
		{5B55F1E3-2EBB-408D-B335-34124646AC57}.Release|Any CPU.Build.0 = Release|Any CPU
		{A649C35E-4223-42C4-AAD7-3BA84D070DFF}.Debug|Any CPU.ActiveCfg = Debug|Any CPU
		{A649C35E-4223-42C4-AAD7-3BA84D070DFF}.Debug|Any CPU.Build.0 = Debug|Any CPU
		{A649C35E-4223-42C4-AAD7-3BA84D070DFF}.Release|Any CPU.ActiveCfg = Release|Any CPU
		{A649C35E-4223-42C4-AAD7-3BA84D070DFF}.Release|Any CPU.Build.0 = Release|Any CPU
		{BD413188-7FE6-4A95-A1B8-0D1635A1997B}.Debug|Any CPU.ActiveCfg = Debug|Any CPU
		{BD413188-7FE6-4A95-A1B8-0D1635A1997B}.Debug|Any CPU.Build.0 = Debug|Any CPU
		{BD413188-7FE6-4A95-A1B8-0D1635A1997B}.Release|Any CPU.ActiveCfg = Release|Any CPU
		{BD413188-7FE6-4A95-A1B8-0D1635A1997B}.Release|Any CPU.Build.0 = Release|Any CPU
		{1EEC82A5-5D08-49A2-9089-118F54119357}.Debug|Any CPU.ActiveCfg = Debug|Any CPU
		{1EEC82A5-5D08-49A2-9089-118F54119357}.Debug|Any CPU.Build.0 = Debug|Any CPU
		{1EEC82A5-5D08-49A2-9089-118F54119357}.Release|Any CPU.ActiveCfg = Release|Any CPU
		{1EEC82A5-5D08-49A2-9089-118F54119357}.Release|Any CPU.Build.0 = Release|Any CPU
		{E15BAA50-4C88-4E0F-ACFE-2088E44A86E2}.Debug|Any CPU.ActiveCfg = Debug|Any CPU
		{E15BAA50-4C88-4E0F-ACFE-2088E44A86E2}.Debug|Any CPU.Build.0 = Debug|Any CPU
		{E15BAA50-4C88-4E0F-ACFE-2088E44A86E2}.Release|Any CPU.ActiveCfg = Release|Any CPU
		{E15BAA50-4C88-4E0F-ACFE-2088E44A86E2}.Release|Any CPU.Build.0 = Release|Any CPU
	EndGlobalSection
	GlobalSection(SolutionProperties) = preSolution
		HideSolutionNode = FALSE
	EndGlobalSection
	GlobalSection(NestedProjects) = preSolution
		{889A0119-4AD1-4241-875F-BAD49B31F8B7} = {BDFDFC32-4CFC-4CC9-A655-3B369F6E8A7F}
		{8F498785-C867-4FF2-A513-766408DEB3B7} = {BDFDFC32-4CFC-4CC9-A655-3B369F6E8A7F}
		{B82C8E60-050F-4887-94D6-532384E862CE} = {BDFDFC32-4CFC-4CC9-A655-3B369F6E8A7F}
		{5B55F1E3-2EBB-408D-B335-34124646AC57} = {BDFDFC32-4CFC-4CC9-A655-3B369F6E8A7F}
		{BD413188-7FE6-4A95-A1B8-0D1635A1997B} = {575AD593-9851-499E-BF96-BDF55A1995F4}
		{1EEC82A5-5D08-49A2-9089-118F54119357} = {575AD593-9851-499E-BF96-BDF55A1995F4}
		{E15BAA50-4C88-4E0F-ACFE-2088E44A86E2} = {575AD593-9851-499E-BF96-BDF55A1995F4}
	EndGlobalSection
	GlobalSection(ExtensibilityGlobals) = postSolution
		SolutionGuid = {4AC2C123-9AF6-48A6-87C6-8F6D7E949F7F}
	EndGlobalSection
EndGlobal
